
Microsoft Visual Studio Solution File, Format Version 12.00
# Visual Studio Version 17
VisualStudioVersion = 17.6.33815.320
MinimumVisualStudioVersion = 10.0.40219.1
Project("{FAE04EC0-301F-11D3-BF4B-00C04F79EFBC}") = "Practical_11_1", "Practical_11_1.csproj", "{77C48A29-9353-467E-9539-4BA31634F769}"
EndProject
Project("{FAE04EC0-301F-11D3-BF4B-00C04F79EFBC}") = "Practical_11_2", "..\Practical_11_2\Practical_11_2.csproj", "{8621B986-AC5C-409C-9EA3-E5719A4F8AD8}"
EndProject
Global
	GlobalSection(SolutionConfigurationPlatforms) = preSolution
		Debug|Any CPU = Debug|Any CPU
		Release|Any CPU = Release|Any CPU
	EndGlobalSection
	GlobalSection(ProjectConfigurationPlatforms) = postSolution
		{77C48A29-9353-467E-9539-4BA31634F769}.Debug|Any CPU.ActiveCfg = Debug|Any CPU
		{77C48A29-9353-467E-9539-4BA31634F769}.Debug|Any CPU.Build.0 = Debug|Any CPU
		{77C48A29-9353-467E-9539-4BA31634F769}.Release|Any CPU.ActiveCfg = Release|Any CPU
		{77C48A29-9353-467E-9539-4BA31634F769}.Release|Any CPU.Build.0 = Release|Any CPU
		{8621B986-AC5C-409C-9EA3-E5719A4F8AD8}.Debug|Any CPU.ActiveCfg = Debug|Any CPU
		{8621B986-AC5C-409C-9EA3-E5719A4F8AD8}.Debug|Any CPU.Build.0 = Debug|Any CPU
		{8621B986-AC5C-409C-9EA3-E5719A4F8AD8}.Release|Any CPU.ActiveCfg = Release|Any CPU
		{8621B986-AC5C-409C-9EA3-E5719A4F8AD8}.Release|Any CPU.Build.0 = Release|Any CPU
	EndGlobalSection
	GlobalSection(SolutionProperties) = preSolution
		HideSolutionNode = FALSE
	EndGlobalSection
	GlobalSection(ExtensibilityGlobals) = postSolution
		SolutionGuid = {233DDDEB-A91D-486E-ADF1-AA33C79ECA99}
	EndGlobalSection
EndGlobal
